// !$*UTF8*$!
{
	archiveVersion = 1;
	classes = {
	};
	objectVersion = 56;
	objects = {

/* Begin PBXBuildFile section */
		04FEB3D72D805F7400F62F7A /* TaskManagerApp.swift in Sources */ = {isa = PBXBuildFile; fileRef = 04FEB3D62D805F7400F62F7A /* TaskManagerApp.swift */; };
		04FEB3D92D805F7400F62F7A /* ContentView.swift in Sources */ = {isa = PBXBuildFile; fileRef = 04FEB3D82D805F7400F62F7A /* ContentView.swift */; };
		04FEB3DB2D805F7600F62F7A /* Assets.xcassets in Resources */ = {isa = PBXBuildFile; fileRef = 04FEB3DA2D805F7600F62F7A /* Assets.xcassets */; };
		04FEB3DE2D805F7600F62F7A /* Preview Assets.xcassets in Resources */ = {isa = PBXBuildFile; fileRef = 04FEB3DD2D805F7600F62F7A /* Preview Assets.xcassets */; };
		04FEB3E02D805F7600F62F7A /* Persistence.swift in Sources */ = {isa = PBXBuildFile; fileRef = 04FEB3DF2D805F7600F62F7A /* Persistence.swift */; };
		04FEB3E32D805F7600F62F7A /* TaskManager.xcdatamodeld in Sources */ = {isa = PBXBuildFile; fileRef = 04FEB3E12D805F7600F62F7A /* TaskManager.xcdatamodeld */; };
		04FEB3ED2D805F7600F62F7A /* TaskManagerTests.swift in Sources */ = {isa = PBXBuildFile; fileRef = 04FEB3EC2D805F7600F62F7A /* TaskManagerTests.swift */; };
		04FEB3F72D805F7600F62F7A /* TaskManagerUITests.swift in Sources */ = {isa = PBXBuildFile; fileRef = 04FEB3F62D805F7600F62F7A /* TaskManagerUITests.swift */; };
		04FEB3F92D805F7600F62F7A /* TaskManagerUITestsLaunchTests.swift in Sources */ = {isa = PBXBuildFile; fileRef = 04FEB3F82D805F7600F62F7A /* TaskManagerUITestsLaunchTests.swift */; };
		04FEB4092D805FDF00F62F7A /* TaskModel.swift in Sources */ = {isa = PBXBuildFile; fileRef = 04FEB4082D805FDF00F62F7A /* TaskModel.swift */; };
		04FEB40B2D805FFB00F62F7A /* TaskViewModel.swift in Sources */ = {isa = PBXBuildFile; fileRef = 04FEB40A2D805FFB00F62F7A /* TaskViewModel.swift */; };
		04FEB40D2D80601500F62F7A /* TaskListView.swift in Sources */ = {isa = PBXBuildFile; fileRef = 04FEB40C2D80601500F62F7A /* TaskListView.swift */; };
		04FEB40F2D80603300F62F7A /* TaskRow.swift in Sources */ = {isa = PBXBuildFile; fileRef = 04FEB40E2D80603300F62F7A /* TaskRow.swift */; };
		04FEB4112D80604700F62F7A /* TaskDetailView.swift in Sources */ = {isa = PBXBuildFile; fileRef = 04FEB4102D80604700F62F7A /* TaskDetailView.swift */; };
		04FEB4132D80606200F62F7A /* TaskCreationView.swift in Sources */ = {isa = PBXBuildFile; fileRef = 04FEB4122D80606200F62F7A /* TaskCreationView.swift */; };
		04FEB4152D807BAD00F62F7A /* ShimmerView.swift in Sources */ = {isa = PBXBuildFile; fileRef = 04FEB4142D807BAD00F62F7A /* ShimmerView.swift */; };
		04FEB4172D807BE100F62F7A /* ProgressRing.swift in Sources */ = {isa = PBXBuildFile; fileRef = 04FEB4162D807BE100F62F7A /* ProgressRing.swift */; };
		04FEB4192D807C0A00F62F7A /* SettingsView.swift in Sources */ = {isa = PBXBuildFile; fileRef = 04FEB4182D807C0A00F62F7A /* SettingsView.swift */; };
		04FEB41B2D80C1F500F62F7A /* Task+Extensions.swift in Sources */ = {isa = PBXBuildFile; fileRef = 04FEB41A2D80C1F500F62F7A /* Task+Extensions.swift */; };
		04FEB41D2D80EBF800F62F7A /* EmptyStateView.swift in Sources */ = {isa = PBXBuildFile; fileRef = 04FEB41C2D80EBF800F62F7A /* EmptyStateView.swift */; };
/* End PBXBuildFile section */

/* Begin PBXContainerItemProxy section */
		04FEB3E92D805F7600F62F7A /* PBXContainerItemProxy */ = {
			isa = PBXContainerItemProxy;
			containerPortal = 04FEB3CB2D805F7400F62F7A /* Project object */;
			proxyType = 1;
			remoteGlobalIDString = 04FEB3D22D805F7400F62F7A;
			remoteInfo = TaskManager;
		};
		04FEB3F32D805F7600F62F7A /* PBXContainerItemProxy */ = {
			isa = PBXContainerItemProxy;
			containerPortal = 04FEB3CB2D805F7400F62F7A /* Project object */;
			proxyType = 1;
			remoteGlobalIDString = 04FEB3D22D805F7400F62F7A;
			remoteInfo = TaskManager;
		};
/* End PBXContainerItemProxy section */

/* Begin PBXFileReference section */
		04FEB3D32D805F7400F62F7A /* TaskManager.app */ = {isa = PBXFileReference; explicitFileType = wrapper.application; includeInIndex = 0; path = TaskManager.app; sourceTree = BUILT_PRODUCTS_DIR; };
		04FEB3D62D805F7400F62F7A /* TaskManagerApp.swift */ = {isa = PBXFileReference; lastKnownFileType = sourcecode.swift; path = TaskManagerApp.swift; sourceTree = "<group>"; };
		04FEB3D82D805F7400F62F7A /* ContentView.swift */ = {isa = PBXFileReference; lastKnownFileType = sourcecode.swift; path = ContentView.swift; sourceTree = "<group>"; };
		04FEB3DA2D805F7600F62F7A /* Assets.xcassets */ = {isa = PBXFileReference; lastKnownFileType = folder.assetcatalog; path = Assets.xcassets; sourceTree = "<group>"; };
		04FEB3DD2D805F7600F62F7A /* Preview Assets.xcassets */ = {isa = PBXFileReference; lastKnownFileType = folder.assetcatalog; path = "Preview Assets.xcassets"; sourceTree = "<group>"; };
		04FEB3DF2D805F7600F62F7A /* Persistence.swift */ = {isa = PBXFileReference; lastKnownFileType = sourcecode.swift; path = Persistence.swift; sourceTree = "<group>"; };
		04FEB3E22D805F7600F62F7A /* TaskManager.xcdatamodel */ = {isa = PBXFileReference; lastKnownFileType = wrapper.xcdatamodel; path = TaskManager.xcdatamodel; sourceTree = "<group>"; };
		04FEB3E82D805F7600F62F7A /* TaskManagerTests.xctest */ = {isa = PBXFileReference; explicitFileType = wrapper.cfbundle; includeInIndex = 0; path = TaskManagerTests.xctest; sourceTree = BUILT_PRODUCTS_DIR; };
		04FEB3EC2D805F7600F62F7A /* TaskManagerTests.swift */ = {isa = PBXFileReference; lastKnownFileType = sourcecode.swift; path = TaskManagerTests.swift; sourceTree = "<group>"; };
		04FEB3F22D805F7600F62F7A /* TaskManagerUITests.xctest */ = {isa = PBXFileReference; explicitFileType = wrapper.cfbundle; includeInIndex = 0; path = TaskManagerUITests.xctest; sourceTree = BUILT_PRODUCTS_DIR; };
		04FEB3F62D805F7600F62F7A /* TaskManagerUITests.swift */ = {isa = PBXFileReference; lastKnownFileType = sourcecode.swift; path = TaskManagerUITests.swift; sourceTree = "<group>"; };
		04FEB3F82D805F7600F62F7A /* TaskManagerUITestsLaunchTests.swift */ = {isa = PBXFileReference; lastKnownFileType = sourcecode.swift; path = TaskManagerUITestsLaunchTests.swift; sourceTree = "<group>"; };
		04FEB4082D805FDF00F62F7A /* TaskModel.swift */ = {isa = PBXFileReference; lastKnownFileType = sourcecode.swift; path = TaskModel.swift; sourceTree = "<group>"; };
		04FEB40A2D805FFB00F62F7A /* TaskViewModel.swift */ = {isa = PBXFileReference; lastKnownFileType = sourcecode.swift; path = TaskViewModel.swift; sourceTree = "<group>"; };
		04FEB40C2D80601500F62F7A /* TaskListView.swift */ = {isa = PBXFileReference; lastKnownFileType = sourcecode.swift; path = TaskListView.swift; sourceTree = "<group>"; };
		04FEB40E2D80603300F62F7A /* TaskRow.swift */ = {isa = PBXFileReference; lastKnownFileType = sourcecode.swift; path = TaskRow.swift; sourceTree = "<group>"; };
		04FEB4102D80604700F62F7A /* TaskDetailView.swift */ = {isa = PBXFileReference; lastKnownFileType = sourcecode.swift; path = TaskDetailView.swift; sourceTree = "<group>"; };
		04FEB4122D80606200F62F7A /* TaskCreationView.swift */ = {isa = PBXFileReference; lastKnownFileType = sourcecode.swift; path = TaskCreationView.swift; sourceTree = "<group>"; };
		04FEB4142D807BAD00F62F7A /* ShimmerView.swift */ = {isa = PBXFileReference; lastKnownFileType = sourcecode.swift; path = ShimmerView.swift; sourceTree = "<group>"; };
		04FEB4162D807BE100F62F7A /* ProgressRing.swift */ = {isa = PBXFileReference; lastKnownFileType = sourcecode.swift; path = ProgressRing.swift; sourceTree = "<group>"; };
		04FEB4182D807C0A00F62F7A /* SettingsView.swift */ = {isa = PBXFileReference; lastKnownFileType = sourcecode.swift; path = SettingsView.swift; sourceTree = "<group>"; };
		04FEB41A2D80C1F500F62F7A /* Task+Extensions.swift */ = {isa = PBXFileReference; lastKnownFileType = sourcecode.swift; path = "Task+Extensions.swift"; sourceTree = "<group>"; };
		04FEB41C2D80EBF800F62F7A /* EmptyStateView.swift */ = {isa = PBXFileReference; lastKnownFileType = sourcecode.swift; path = EmptyStateView.swift; sourceTree = "<group>"; };
/* End PBXFileReference section */

/* Begin PBXFrameworksBuildPhase section */
		04FEB3D02D805F7400F62F7A /* Frameworks */ = {
			isa = PBXFrameworksBuildPhase;
			buildActionMask = 2147483647;
			files = (
			);
			runOnlyForDeploymentPostprocessing = 0;
		};
		04FEB3E52D805F7600F62F7A /* Frameworks */ = {
			isa = PBXFrameworksBuildPhase;
			buildActionMask = 2147483647;
			files = (
			);
			runOnlyForDeploymentPostprocessing = 0;
		};
		04FEB3EF2D805F7600F62F7A /* Frameworks */ = {
			isa = PBXFrameworksBuildPhase;
			buildActionMask = 2147483647;
			files = (
			);
			runOnlyForDeploymentPostprocessing = 0;
		};
/* End PBXFrameworksBuildPhase section */

/* Begin PBXGroup section */
		04FEB3CA2D805F7400F62F7A = {
			isa = PBXGroup;
			children = (
				04FEB3D52D805F7400F62F7A /* TaskManager */,
				04FEB3EB2D805F7600F62F7A /* TaskManagerTests */,
				04FEB3F52D805F7600F62F7A /* TaskManagerUITests */,
				04FEB3D42D805F7400F62F7A /* Products */,
			);
			sourceTree = "<group>";
		};
		04FEB3D42D805F7400F62F7A /* Products */ = {
			isa = PBXGroup;
			children = (
				04FEB3D32D805F7400F62F7A /* TaskManager.app */,
				04FEB3E82D805F7600F62F7A /* TaskManagerTests.xctest */,
				04FEB3F22D805F7600F62F7A /* TaskManagerUITests.xctest */,
			);
			name = Products;
			sourceTree = "<group>";
		};
		04FEB3D52D805F7400F62F7A /* TaskManager */ = {
			isa = PBXGroup;
			children = (
				04FEB4052D805F9C00F62F7A /* Model */,
				04FEB4072D805FAD00F62F7A /* Views */,
				04FEB4062D805FA500F62F7A /* ViewModel */,
				04FEB41E2D816FB500F62F7A /* Extensions */,
				04FEB41F2D816FEB00F62F7A /* Utilities */,
				04FEB3D62D805F7400F62F7A /* TaskManagerApp.swift */,
				04FEB3D82D805F7400F62F7A /* ContentView.swift */,
				04FEB3DA2D805F7600F62F7A /* Assets.xcassets */,
				04FEB3DF2D805F7600F62F7A /* Persistence.swift */,
				04FEB3E12D805F7600F62F7A /* TaskManager.xcdatamodeld */,
				04FEB3DC2D805F7600F62F7A /* Preview Content */,
			);
			path = TaskManager;
			sourceTree = "<group>";
		};
		04FEB3DC2D805F7600F62F7A /* Preview Content */ = {
			isa = PBXGroup;
			children = (
				04FEB3DD2D805F7600F62F7A /* Preview Assets.xcassets */,
			);
			path = "Preview Content";
			sourceTree = "<group>";
		};
		04FEB3EB2D805F7600F62F7A /* TaskManagerTests */ = {
			isa = PBXGroup;
			children = (
				04FEB3EC2D805F7600F62F7A /* TaskManagerTests.swift */,
			);
			path = TaskManagerTests;
			sourceTree = "<group>";
		};
		04FEB3F52D805F7600F62F7A /* TaskManagerUITests */ = {
			isa = PBXGroup;
			children = (
				04FEB3F62D805F7600F62F7A /* TaskManagerUITests.swift */,
				04FEB3F82D805F7600F62F7A /* TaskManagerUITestsLaunchTests.swift */,
			);
			path = TaskManagerUITests;
			sourceTree = "<group>";
		};
		04FEB4052D805F9C00F62F7A /* Model */ = {
			isa = PBXGroup;
			children = (
				04FEB4082D805FDF00F62F7A /* TaskModel.swift */,
			);
			path = Model;
			sourceTree = "<group>";
		};
		04FEB4062D805FA500F62F7A /* ViewModel */ = {
			isa = PBXGroup;
			children = (
				04FEB40A2D805FFB00F62F7A /* TaskViewModel.swift */,
			);
			path = ViewModel;
			sourceTree = "<group>";
		};
		04FEB4072D805FAD00F62F7A /* Views */ = {
			isa = PBXGroup;
			children = (
				04FEB4212D81701500F62F7A /* Setting */,
				04FEB4202D81700800F62F7A /* Tasks */,
			);
			path = Views;
			sourceTree = "<group>";
		};
		04FEB41E2D816FB500F62F7A /* Extensions */ = {
			isa = PBXGroup;
			children = (
				04FEB41A2D80C1F500F62F7A /* Task+Extensions.swift */,
			);
			path = Extensions;
			sourceTree = "<group>";
		};
		04FEB41F2D816FEB00F62F7A /* Utilities */ = {
			isa = PBXGroup;
			children = (
				04FEB41C2D80EBF800F62F7A /* EmptyStateView.swift */,
				04FEB4142D807BAD00F62F7A /* ShimmerView.swift */,
				04FEB4162D807BE100F62F7A /* ProgressRing.swift */,
			);
			path = Utilities;
			sourceTree = "<group>";
		};
		04FEB4202D81700800F62F7A /* Tasks */ = {
			isa = PBXGroup;
			children = (
				04FEB40C2D80601500F62F7A /* TaskListView.swift */,
				04FEB40E2D80603300F62F7A /* TaskRow.swift */,
				04FEB4102D80604700F62F7A /* TaskDetailView.swift */,
				04FEB4122D80606200F62F7A /* TaskCreationView.swift */,
			);
			path = Tasks;
			sourceTree = "<group>";
		};
		04FEB4212D81701500F62F7A /* Setting */ = {
			isa = PBXGroup;
			children = (
				04FEB4182D807C0A00F62F7A /* SettingsView.swift */,
			);
			path = Setting;
			sourceTree = "<group>";
		};
/* End PBXGroup section */

/* Begin PBXNativeTarget section */
		04FEB3D22D805F7400F62F7A /* TaskManager */ = {
			isa = PBXNativeTarget;
			buildConfigurationList = 04FEB3FC2D805F7600F62F7A /* Build configuration list for PBXNativeTarget "TaskManager" */;
			buildPhases = (
				04FEB3CF2D805F7400F62F7A /* Sources */,
				04FEB3D02D805F7400F62F7A /* Frameworks */,
				04FEB3D12D805F7400F62F7A /* Resources */,
			);
			buildRules = (
			);
			dependencies = (
			);
			name = TaskManager;
			productName = TaskManager;
			productReference = 04FEB3D32D805F7400F62F7A /* TaskManager.app */;
			productType = "com.apple.product-type.application";
		};
		04FEB3E72D805F7600F62F7A /* TaskManagerTests */ = {
			isa = PBXNativeTarget;
			buildConfigurationList = 04FEB3FF2D805F7600F62F7A /* Build configuration list for PBXNativeTarget "TaskManagerTests" */;
			buildPhases = (
				04FEB3E42D805F7600F62F7A /* Sources */,
				04FEB3E52D805F7600F62F7A /* Frameworks */,
				04FEB3E62D805F7600F62F7A /* Resources */,
			);
			buildRules = (
			);
			dependencies = (
				04FEB3EA2D805F7600F62F7A /* PBXTargetDependency */,
			);
			name = TaskManagerTests;
			productName = TaskManagerTests;
			productReference = 04FEB3E82D805F7600F62F7A /* TaskManagerTests.xctest */;
			productType = "com.apple.product-type.bundle.unit-test";
		};
		04FEB3F12D805F7600F62F7A /* TaskManagerUITests */ = {
			isa = PBXNativeTarget;
			buildConfigurationList = 04FEB4022D805F7600F62F7A /* Build configuration list for PBXNativeTarget "TaskManagerUITests" */;
			buildPhases = (
				04FEB3EE2D805F7600F62F7A /* Sources */,
				04FEB3EF2D805F7600F62F7A /* Frameworks */,
				04FEB3F02D805F7600F62F7A /* Resources */,
			);
			buildRules = (
			);
			dependencies = (
				04FEB3F42D805F7600F62F7A /* PBXTargetDependency */,
			);
			name = TaskManagerUITests;
			productName = TaskManagerUITests;
			productReference = 04FEB3F22D805F7600F62F7A /* TaskManagerUITests.xctest */;
			productType = "com.apple.product-type.bundle.ui-testing";
		};
/* End PBXNativeTarget section */

/* Begin PBXProject section */
		04FEB3CB2D805F7400F62F7A /* Project object */ = {
			isa = PBXProject;
			attributes = {
				BuildIndependentTargetsInParallel = 1;
				LastSwiftUpdateCheck = 1420;
				LastUpgradeCheck = 1420;
				TargetAttributes = {
					04FEB3D22D805F7400F62F7A = {
						CreatedOnToolsVersion = 14.2;
					};
					04FEB3E72D805F7600F62F7A = {
						CreatedOnToolsVersion = 14.2;
						TestTargetID = 04FEB3D22D805F7400F62F7A;
					};
					04FEB3F12D805F7600F62F7A = {
						CreatedOnToolsVersion = 14.2;
						TestTargetID = 04FEB3D22D805F7400F62F7A;
					};
				};
			};
			buildConfigurationList = 04FEB3CE2D805F7400F62F7A /* Build configuration list for PBXProject "TaskManager" */;
			compatibilityVersion = "Xcode 14.0";
			developmentRegion = en;
			hasScannedForEncodings = 0;
			knownRegions = (
				en,
				Base,
			);
			mainGroup = 04FEB3CA2D805F7400F62F7A;
			productRefGroup = 04FEB3D42D805F7400F62F7A /* Products */;
			projectDirPath = "";
			projectRoot = "";
			targets = (
				04FEB3D22D805F7400F62F7A /* TaskManager */,
				04FEB3E72D805F7600F62F7A /* TaskManagerTests */,
				04FEB3F12D805F7600F62F7A /* TaskManagerUITests */,
			);
		};
/* End PBXProject section */

/* Begin PBXResourcesBuildPhase section */
		04FEB3D12D805F7400F62F7A /* Resources */ = {
			isa = PBXResourcesBuildPhase;
			buildActionMask = 2147483647;
			files = (
				04FEB3DE2D805F7600F62F7A /* Preview Assets.xcassets in Resources */,
				04FEB3DB2D805F7600F62F7A /* Assets.xcassets in Resources */,
			);
			runOnlyForDeploymentPostprocessing = 0;
		};
		04FEB3E62D805F7600F62F7A /* Resources */ = {
			isa = PBXResourcesBuildPhase;
			buildActionMask = 2147483647;
			files = (
			);
			runOnlyForDeploymentPostprocessing = 0;
		};
		04FEB3F02D805F7600F62F7A /* Resources */ = {
			isa = PBXResourcesBuildPhase;
			buildActionMask = 2147483647;
			files = (
			);
			runOnlyForDeploymentPostprocessing = 0;
		};
/* End PBXResourcesBuildPhase section */

/* Begin PBXSourcesBuildPhase section */
		04FEB3CF2D805F7400F62F7A /* Sources */ = {
			isa = PBXSourcesBuildPhase;
			buildActionMask = 2147483647;
			files = (
				04FEB41B2D80C1F500F62F7A /* Task+Extensions.swift in Sources */,
				04FEB4132D80606200F62F7A /* TaskCreationView.swift in Sources */,
				04FEB40D2D80601500F62F7A /* TaskListView.swift in Sources */,
				04FEB4172D807BE100F62F7A /* ProgressRing.swift in Sources */,
				04FEB3E02D805F7600F62F7A /* Persistence.swift in Sources */,
				04FEB40B2D805FFB00F62F7A /* TaskViewModel.swift in Sources */,
				04FEB40F2D80603300F62F7A /* TaskRow.swift in Sources */,
				04FEB4152D807BAD00F62F7A /* ShimmerView.swift in Sources */,
				04FEB3D92D805F7400F62F7A /* ContentView.swift in Sources */,
				04FEB4092D805FDF00F62F7A /* TaskModel.swift in Sources */,
				04FEB3E32D805F7600F62F7A /* TaskManager.xcdatamodeld in Sources */,
				04FEB3D72D805F7400F62F7A /* TaskManagerApp.swift in Sources */,
				04FEB41D2D80EBF800F62F7A /* EmptyStateView.swift in Sources */,
				04FEB4112D80604700F62F7A /* TaskDetailView.swift in Sources */,
				04FEB4192D807C0A00F62F7A /* SettingsView.swift in Sources */,
			);
			runOnlyForDeploymentPostprocessing = 0;
		};
		04FEB3E42D805F7600F62F7A /* Sources */ = {
			isa = PBXSourcesBuildPhase;
			buildActionMask = 2147483647;
			files = (
				04FEB3ED2D805F7600F62F7A /* TaskManagerTests.swift in Sources */,
			);
			runOnlyForDeploymentPostprocessing = 0;
		};
		04FEB3EE2D805F7600F62F7A /* Sources */ = {
			isa = PBXSourcesBuildPhase;
			buildActionMask = 2147483647;
			files = (
				04FEB3F72D805F7600F62F7A /* TaskManagerUITests.swift in Sources */,
				04FEB3F92D805F7600F62F7A /* TaskManagerUITestsLaunchTests.swift in Sources */,
			);
			runOnlyForDeploymentPostprocessing = 0;
		};
/* End PBXSourcesBuildPhase section */

/* Begin PBXTargetDependency section */
		04FEB3EA2D805F7600F62F7A /* PBXTargetDependency */ = {
			isa = PBXTargetDependency;
			target = 04FEB3D22D805F7400F62F7A /* TaskManager */;
			targetProxy = 04FEB3E92D805F7600F62F7A /* PBXContainerItemProxy */;
		};
		04FEB3F42D805F7600F62F7A /* PBXTargetDependency */ = {
			isa = PBXTargetDependency;
			target = 04FEB3D22D805F7400F62F7A /* TaskManager */;
			targetProxy = 04FEB3F32D805F7600F62F7A /* PBXContainerItemProxy */;
		};
/* End PBXTargetDependency section */

/* Begin XCBuildConfiguration section */
		04FEB3FA2D805F7600F62F7A /* Debug */ = {
			isa = XCBuildConfiguration;
			buildSettings = {
				ALWAYS_SEARCH_USER_PATHS = NO;
				CLANG_ANALYZER_NONNULL = YES;
				CLANG_ANALYZER_NUMBER_OBJECT_CONVERSION = YES_AGGRESSIVE;
				CLANG_CXX_LANGUAGE_STANDARD = "gnu++20";
				CLANG_ENABLE_MODULES = YES;
				CLANG_ENABLE_OBJC_ARC = YES;
				CLANG_ENABLE_OBJC_WEAK = YES;
				CLANG_WARN_BLOCK_CAPTURE_AUTORELEASING = YES;
				CLANG_WARN_BOOL_CONVERSION = YES;
				CLANG_WARN_COMMA = YES;
				CLANG_WARN_CONSTANT_CONVERSION = YES;
				CLANG_WARN_DEPRECATED_OBJC_IMPLEMENTATIONS = YES;
				CLANG_WARN_DIRECT_OBJC_ISA_USAGE = YES_ERROR;
				CLANG_WARN_DOCUMENTATION_COMMENTS = YES;
				CLANG_WARN_EMPTY_BODY = YES;
				CLANG_WARN_ENUM_CONVERSION = YES;
				CLANG_WARN_INFINITE_RECURSION = YES;
				CLANG_WARN_INT_CONVERSION = YES;
				CLANG_WARN_NON_LITERAL_NULL_CONVERSION = YES;
				CLANG_WARN_OBJC_IMPLICIT_RETAIN_SELF = YES;
				CLANG_WARN_OBJC_LITERAL_CONVERSION = YES;
				CLANG_WARN_OBJC_ROOT_CLASS = YES_ERROR;
				CLANG_WARN_QUOTED_INCLUDE_IN_FRAMEWORK_HEADER = YES;
				CLANG_WARN_RANGE_LOOP_ANALYSIS = YES;
				CLANG_WARN_STRICT_PROTOTYPES = YES;
				CLANG_WARN_SUSPICIOUS_MOVE = YES;
				CLANG_WARN_UNGUARDED_AVAILABILITY = YES_AGGRESSIVE;
				CLANG_WARN_UNREACHABLE_CODE = YES;
				CLANG_WARN__DUPLICATE_METHOD_MATCH = YES;
				COPY_PHASE_STRIP = NO;
				DEBUG_INFORMATION_FORMAT = dwarf;
				ENABLE_STRICT_OBJC_MSGSEND = YES;
				ENABLE_TESTABILITY = YES;
				GCC_C_LANGUAGE_STANDARD = gnu11;
				GCC_DYNAMIC_NO_PIC = NO;
				GCC_NO_COMMON_BLOCKS = YES;
				GCC_OPTIMIZATION_LEVEL = 0;
				GCC_PREPROCESSOR_DEFINITIONS = (
					"DEBUG=1",
					"$(inherited)",
				);
				GCC_WARN_64_TO_32_BIT_CONVERSION = YES;
				GCC_WARN_ABOUT_RETURN_TYPE = YES_ERROR;
				GCC_WARN_UNDECLARED_SELECTOR = YES;
				GCC_WARN_UNINITIALIZED_AUTOS = YES_AGGRESSIVE;
				GCC_WARN_UNUSED_FUNCTION = YES;
				GCC_WARN_UNUSED_VARIABLE = YES;
				IPHONEOS_DEPLOYMENT_TARGET = 16.2;
				MTL_ENABLE_DEBUG_INFO = INCLUDE_SOURCE;
				MTL_FAST_MATH = YES;
				ONLY_ACTIVE_ARCH = YES;
				SDKROOT = iphoneos;
				SWIFT_ACTIVE_COMPILATION_CONDITIONS = DEBUG;
				SWIFT_OPTIMIZATION_LEVEL = "-Onone";
			};
			name = Debug;
		};
		04FEB3FB2D805F7600F62F7A /* Release */ = {
			isa = XCBuildConfiguration;
			buildSettings = {
				ALWAYS_SEARCH_USER_PATHS = NO;
				CLANG_ANALYZER_NONNULL = YES;
				CLANG_ANALYZER_NUMBER_OBJECT_CONVERSION = YES_AGGRESSIVE;
				CLANG_CXX_LANGUAGE_STANDARD = "gnu++20";
				CLANG_ENABLE_MODULES = YES;
				CLANG_ENABLE_OBJC_ARC = YES;
				CLANG_ENABLE_OBJC_WEAK = YES;
				CLANG_WARN_BLOCK_CAPTURE_AUTORELEASING = YES;
				CLANG_WARN_BOOL_CONVERSION = YES;
				CLANG_WARN_COMMA = YES;
				CLANG_WARN_CONSTANT_CONVERSION = YES;
				CLANG_WARN_DEPRECATED_OBJC_IMPLEMENTATIONS = YES;
				CLANG_WARN_DIRECT_OBJC_ISA_USAGE = YES_ERROR;
				CLANG_WARN_DOCUMENTATION_COMMENTS = YES;
				CLANG_WARN_EMPTY_BODY = YES;
				CLANG_WARN_ENUM_CONVERSION = YES;
				CLANG_WARN_INFINITE_RECURSION = YES;
				CLANG_WARN_INT_CONVERSION = YES;
				CLANG_WARN_NON_LITERAL_NULL_CONVERSION = YES;
				CLANG_WARN_OBJC_IMPLICIT_RETAIN_SELF = YES;
				CLANG_WARN_OBJC_LITERAL_CONVERSION = YES;
				CLANG_WARN_OBJC_ROOT_CLASS = YES_ERROR;
				CLANG_WARN_QUOTED_INCLUDE_IN_FRAMEWORK_HEADER = YES;
				CLANG_WARN_RANGE_LOOP_ANALYSIS = YES;
				CLANG_WARN_STRICT_PROTOTYPES = YES;
				CLANG_WARN_SUSPICIOUS_MOVE = YES;
				CLANG_WARN_UNGUARDED_AVAILABILITY = YES_AGGRESSIVE;
				CLANG_WARN_UNREACHABLE_CODE = YES;
				CLANG_WARN__DUPLICATE_METHOD_MATCH = YES;
				COPY_PHASE_STRIP = NO;
				DEBUG_INFORMATION_FORMAT = "dwarf-with-dsym";
				ENABLE_NS_ASSERTIONS = NO;
				ENABLE_STRICT_OBJC_MSGSEND = YES;
				GCC_C_LANGUAGE_STANDARD = gnu11;
				GCC_NO_COMMON_BLOCKS = YES;
				GCC_WARN_64_TO_32_BIT_CONVERSION = YES;
				GCC_WARN_ABOUT_RETURN_TYPE = YES_ERROR;
				GCC_WARN_UNDECLARED_SELECTOR = YES;
				GCC_WARN_UNINITIALIZED_AUTOS = YES_AGGRESSIVE;
				GCC_WARN_UNUSED_FUNCTION = YES;
				GCC_WARN_UNUSED_VARIABLE = YES;
				IPHONEOS_DEPLOYMENT_TARGET = 16.2;
				MTL_ENABLE_DEBUG_INFO = NO;
				MTL_FAST_MATH = YES;
				SDKROOT = iphoneos;
				SWIFT_COMPILATION_MODE = wholemodule;
				SWIFT_OPTIMIZATION_LEVEL = "-O";
				VALIDATE_PRODUCT = YES;
			};
			name = Release;
		};
		04FEB3FD2D805F7600F62F7A /* Debug */ = {
			isa = XCBuildConfiguration;
			buildSettings = {
				ASSETCATALOG_COMPILER_APPICON_NAME = AppIcon;
				ASSETCATALOG_COMPILER_GLOBAL_ACCENT_COLOR_NAME = AccentColor;
				CODE_SIGN_STYLE = Automatic;
				CURRENT_PROJECT_VERSION = 1;
				DEVELOPMENT_ASSET_PATHS = "\"TaskManager/Preview Content\"";
				DEVELOPMENT_TEAM = T53726L8V8;
				ENABLE_PREVIEWS = YES;
				GENERATE_INFOPLIST_FILE = YES;
				INFOPLIST_KEY_UIApplicationSceneManifest_Generation = YES;
				INFOPLIST_KEY_UIApplicationSupportsIndirectInputEvents = YES;
				INFOPLIST_KEY_UILaunchScreen_Generation = YES;
				INFOPLIST_KEY_UISupportedInterfaceOrientations_iPad = "UIInterfaceOrientationPortrait UIInterfaceOrientationPortraitUpsideDown UIInterfaceOrientationLandscapeLeft UIInterfaceOrientationLandscapeRight";
				INFOPLIST_KEY_UISupportedInterfaceOrientations_iPhone = "UIInterfaceOrientationPortrait UIInterfaceOrientationLandscapeLeft UIInterfaceOrientationLandscapeRight";
				LD_RUNPATH_SEARCH_PATHS = (
					"$(inherited)",
					"@executable_path/Frameworks",
				);
				MARKETING_VERSION = 1.0;
				PRODUCT_BUNDLE_IDENTIFIER = com.TaskManager;
				PRODUCT_NAME = "$(TARGET_NAME)";
				SWIFT_EMIT_LOC_STRINGS = YES;
				SWIFT_VERSION = 5.0;
				TARGETED_DEVICE_FAMILY = "1,2";
			};
			name = Debug;
		};
		04FEB3FE2D805F7600F62F7A /* Release */ = {
			isa = XCBuildConfiguration;
			buildSettings = {
				ASSETCATALOG_COMPILER_APPICON_NAME = AppIcon;
				ASSETCATALOG_COMPILER_GLOBAL_ACCENT_COLOR_NAME = AccentColor;
				CODE_SIGN_STYLE = Automatic;
				CURRENT_PROJECT_VERSION = 1;
				DEVELOPMENT_ASSET_PATHS = "\"TaskManager/Preview Content\"";
				DEVELOPMENT_TEAM = T53726L8V8;
				ENABLE_PREVIEWS = YES;
				GENERATE_INFOPLIST_FILE = YES;
				INFOPLIST_KEY_UIApplicationSceneManifest_Generation = YES;
				INFOPLIST_KEY_UIApplicationSupportsIndirectInputEvents = YES;
				INFOPLIST_KEY_UILaunchScreen_Generation = YES;
				INFOPLIST_KEY_UISupportedInterfaceOrientations_iPad = "UIInterfaceOrientationPortrait UIInterfaceOrientationPortraitUpsideDown UIInterfaceOrientationLandscapeLeft UIInterfaceOrientationLandscapeRight";
				INFOPLIST_KEY_UISupportedInterfaceOrientations_iPhone = "UIInterfaceOrientationPortrait UIInterfaceOrientationLandscapeLeft UIInterfaceOrientationLandscapeRight";
				LD_RUNPATH_SEARCH_PATHS = (
					"$(inherited)",
					"@executable_path/Frameworks",
				);
				MARKETING_VERSION = 1.0;
				PRODUCT_BUNDLE_IDENTIFIER = com.TaskManager;
				PRODUCT_NAME = "$(TARGET_NAME)";
				SWIFT_EMIT_LOC_STRINGS = YES;
				SWIFT_VERSION = 5.0;
				TARGETED_DEVICE_FAMILY = "1,2";
			};
			name = Release;
		};
		04FEB4002D805F7600F62F7A /* Debug */ = {
			isa = XCBuildConfiguration;
			buildSettings = {
				ALWAYS_EMBED_SWIFT_STANDARD_LIBRARIES = YES;
				BUNDLE_LOADER = "$(TEST_HOST)";
				CODE_SIGN_STYLE = Automatic;
				CURRENT_PROJECT_VERSION = 1;
				DEVELOPMENT_TEAM = T53726L8V8;
				GENERATE_INFOPLIST_FILE = YES;
				IPHONEOS_DEPLOYMENT_TARGET = 16.2;
				MARKETING_VERSION = 1.0;
				PRODUCT_BUNDLE_IDENTIFIER = com.TaskManagerTests;
				PRODUCT_NAME = "$(TARGET_NAME)";
				SWIFT_EMIT_LOC_STRINGS = NO;
				SWIFT_VERSION = 5.0;
				TARGETED_DEVICE_FAMILY = "1,2";
				TEST_HOST = "$(BUILT_PRODUCTS_DIR)/TaskManager.app/$(BUNDLE_EXECUTABLE_FOLDER_PATH)/TaskManager";
			};
			name = Debug;
		};
		04FEB4012D805F7600F62F7A /* Release */ = {
			isa = XCBuildConfiguration;
			buildSettings = {
				ALWAYS_EMBED_SWIFT_STANDARD_LIBRARIES = YES;
				BUNDLE_LOADER = "$(TEST_HOST)";
				CODE_SIGN_STYLE = Automatic;
				CURRENT_PROJECT_VERSION = 1;
				DEVELOPMENT_TEAM = T53726L8V8;
				GENERATE_INFOPLIST_FILE = YES;
				IPHONEOS_DEPLOYMENT_TARGET = 16.2;
				MARKETING_VERSION = 1.0;
				PRODUCT_BUNDLE_IDENTIFIER = com.TaskManagerTests;
				PRODUCT_NAME = "$(TARGET_NAME)";
				SWIFT_EMIT_LOC_STRINGS = NO;
				SWIFT_VERSION = 5.0;
				TARGETED_DEVICE_FAMILY = "1,2";
				TEST_HOST = "$(BUILT_PRODUCTS_DIR)/TaskManager.app/$(BUNDLE_EXECUTABLE_FOLDER_PATH)/TaskManager";
			};
			name = Release;
		};
		04FEB4032D805F7600F62F7A /* Debug */ = {
			isa = XCBuildConfiguration;
			buildSettings = {
				ALWAYS_EMBED_SWIFT_STANDARD_LIBRARIES = YES;
				CODE_SIGN_STYLE = Automatic;
				CURRENT_PROJECT_VERSION = 1;
				DEVELOPMENT_TEAM = T53726L8V8;
				GENERATE_INFOPLIST_FILE = YES;
				MARKETING_VERSION = 1.0;
				PRODUCT_BUNDLE_IDENTIFIER = com.TaskManagerUITests;
				PRODUCT_NAME = "$(TARGET_NAME)";
				SWIFT_EMIT_LOC_STRINGS = NO;
				SWIFT_VERSION = 5.0;
				TARGETED_DEVICE_FAMILY = "1,2";
				TEST_TARGET_NAME = TaskManager;
			};
			name = Debug;
		};
		04FEB4042D805F7600F62F7A /* Release */ = {
			isa = XCBuildConfiguration;
			buildSettings = {
				ALWAYS_EMBED_SWIFT_STANDARD_LIBRARIES = YES;
				CODE_SIGN_STYLE = Automatic;
				CURRENT_PROJECT_VERSION = 1;
				DEVELOPMENT_TEAM = T53726L8V8;
				GENERATE_INFOPLIST_FILE = YES;
				MARKETING_VERSION = 1.0;
				PRODUCT_BUNDLE_IDENTIFIER = com.TaskManagerUITests;
				PRODUCT_NAME = "$(TARGET_NAME)";
				SWIFT_EMIT_LOC_STRINGS = NO;
				SWIFT_VERSION = 5.0;
				TARGETED_DEVICE_FAMILY = "1,2";
				TEST_TARGET_NAME = TaskManager;
			};
			name = Release;
		};
/* End XCBuildConfiguration section */

/* Begin XCConfigurationList section */
		04FEB3CE2D805F7400F62F7A /* Build configuration list for PBXProject "TaskManager" */ = {
			isa = XCConfigurationList;
			buildConfigurations = (
				04FEB3FA2D805F7600F62F7A /* Debug */,
				04FEB3FB2D805F7600F62F7A /* Release */,
			);
			defaultConfigurationIsVisible = 0;
			defaultConfigurationName = Release;
		};
		04FEB3FC2D805F7600F62F7A /* Build configuration list for PBXNativeTarget "TaskManager" */ = {
			isa = XCConfigurationList;
			buildConfigurations = (
				04FEB3FD2D805F7600F62F7A /* Debug */,
				04FEB3FE2D805F7600F62F7A /* Release */,
			);
			defaultConfigurationIsVisible = 0;
			defaultConfigurationName = Release;
		};
		04FEB3FF2D805F7600F62F7A /* Build configuration list for PBXNativeTarget "TaskManagerTests" */ = {
			isa = XCConfigurationList;
			buildConfigurations = (
				04FEB4002D805F7600F62F7A /* Debug */,
				04FEB4012D805F7600F62F7A /* Release */,
			);
			defaultConfigurationIsVisible = 0;
			defaultConfigurationName = Release;
		};
		04FEB4022D805F7600F62F7A /* Build configuration list for PBXNativeTarget "TaskManagerUITests" */ = {
			isa = XCConfigurationList;
			buildConfigurations = (
				04FEB4032D805F7600F62F7A /* Debug */,
				04FEB4042D805F7600F62F7A /* Release */,
			);
			defaultConfigurationIsVisible = 0;
			defaultConfigurationName = Release;
		};
/* End XCConfigurationList section */

/* Begin XCVersionGroup section */
		04FEB3E12D805F7600F62F7A /* TaskManager.xcdatamodeld */ = {
			isa = XCVersionGroup;
			children = (
				04FEB3E22D805F7600F62F7A /* TaskManager.xcdatamodel */,
			);
			currentVersion = 04FEB3E22D805F7600F62F7A /* TaskManager.xcdatamodel */;
			path = TaskManager.xcdatamodeld;
			sourceTree = "<group>";
			versionGroupType = wrapper.xcdatamodel;
		};
/* End XCVersionGroup section */
	};
	rootObject = 04FEB3CB2D805F7400F62F7A /* Project object */;
}
